
Microsoft Visual Studio Solution File, Format Version 12.00
# Visual Studio 15
VisualStudioVersion = 15.0.28010.2046
MinimumVisualStudioVersion = 10.0.40219.1
Project("{FAE04EC0-301F-11D3-BF4B-00C04F79EFBC}") = "HospitalGuide.Webapi", "HospitalGuide.Webapi\HospitalGuide.Webapi.csproj", "{A646DE60-6683-41E5-909F-2EC54A19A80A}"
EndProject
Global
	GlobalSection(SolutionConfigurationPlatforms) = preSolution
		Debug|Any CPU = Debug|Any CPU
		Release|Any CPU = Release|Any CPU
	EndGlobalSection
	GlobalSection(ProjectConfigurationPlatforms) = postSolution
		{A646DE60-6683-41E5-909F-2EC54A19A80A}.Debug|Any CPU.ActiveCfg = Debug|Any CPU
		{A646DE60-6683-41E5-909F-2EC54A19A80A}.Debug|Any CPU.Build.0 = Debug|Any CPU
		{A646DE60-6683-41E5-909F-2EC54A19A80A}.Release|Any CPU.ActiveCfg = Release|Any CPU
		{A646DE60-6683-41E5-909F-2EC54A19A80A}.Release|Any CPU.Build.0 = Release|Any CPU
	EndGlobalSection
	GlobalSection(SolutionProperties) = preSolution
		HideSolutionNode = FALSE
	EndGlobalSection
	GlobalSection(ExtensibilityGlobals) = postSolution
		SolutionGuid = {AD6B25DC-D8B0-448C-A25C-4D618BCEBDA6}
	EndGlobalSection
EndGlobal
